
Microsoft Visual Studio Solution File, Format Version 12.00
# Visual Studio 15
Project("{FAE04EC0-301F-11D3-BF4B-00C04F79EFBC}") = "FishNet.Runtime", "FishNet.Runtime.csproj", "{F96754F4-6DE2-E381-4439-E08FC59AFD83}"
EndProject
Project("{FAE04EC0-301F-11D3-BF4B-00C04F79EFBC}") = "FishNet.Codegen.Cecil", "FishNet.Codegen.Cecil.csproj", "{A32D0E01-C7BF-201B-9741-A0E2AB0FC4C3}"
EndProject
Project("{FAE04EC0-301F-11D3-BF4B-00C04F79EFBC}") = "FishNet.Demos", "FishNet.Demos.csproj", "{42340AB6-6308-7091-34C9-FC218C47EAAF}"
EndProject
Project("{FAE04EC0-301F-11D3-BF4B-00C04F79EFBC}") = "Unity.FishNet.Codegen", "Unity.FishNet.Codegen.csproj", "{F760D2A2-F1AE-D2CE-0423-EA4AA103972E}"
EndProject
Project("{FAE04EC0-301F-11D3-BF4B-00C04F79EFBC}") = "GameKit.Dependencies", "GameKit.Dependencies.csproj", "{F137125E-9E8C-0DBA-4BEA-0450E0C927AF}"
EndProject
Project("{FAE04EC0-301F-11D3-BF4B-00C04F79EFBC}") = "Assembly-CSharp", "Assembly-CSharp.csproj", "{195A0FA6-5A03-0007-41F9-0AA7BD494B03}"
EndProject
Global
	GlobalSection(SolutionConfigurationPlatforms) = preSolution
		Debug|Any CPU = Debug|Any CPU
		Release|Any CPU = Release|Any CPU
	EndGlobalSection
	GlobalSection(ProjectConfigurationPlatforms) = postSolution
		{F96754F4-6DE2-E381-4439-E08FC59AFD83}.Debug|Any CPU.ActiveCfg = Debug|Any CPU
		{F96754F4-6DE2-E381-4439-E08FC59AFD83}.Debug|Any CPU.Build.0 = Debug|Any CPU
		{F96754F4-6DE2-E381-4439-E08FC59AFD83}.Release|Any CPU.ActiveCfg = Release|Any CPU
		{F96754F4-6DE2-E381-4439-E08FC59AFD83}.Release|Any CPU.Build.0 = Release|Any CPU
		{A32D0E01-C7BF-201B-9741-A0E2AB0FC4C3}.Debug|Any CPU.ActiveCfg = Debug|Any CPU
		{A32D0E01-C7BF-201B-9741-A0E2AB0FC4C3}.Debug|Any CPU.Build.0 = Debug|Any CPU
		{A32D0E01-C7BF-201B-9741-A0E2AB0FC4C3}.Release|Any CPU.ActiveCfg = Release|Any CPU
		{A32D0E01-C7BF-201B-9741-A0E2AB0FC4C3}.Release|Any CPU.Build.0 = Release|Any CPU
		{42340AB6-6308-7091-34C9-FC218C47EAAF}.Debug|Any CPU.ActiveCfg = Debug|Any CPU
		{42340AB6-6308-7091-34C9-FC218C47EAAF}.Debug|Any CPU.Build.0 = Debug|Any CPU
		{42340AB6-6308-7091-34C9-FC218C47EAAF}.Release|Any CPU.ActiveCfg = Release|Any CPU
		{42340AB6-6308-7091-34C9-FC218C47EAAF}.Release|Any CPU.Build.0 = Release|Any CPU
		{F760D2A2-F1AE-D2CE-0423-EA4AA103972E}.Debug|Any CPU.ActiveCfg = Debug|Any CPU
		{F760D2A2-F1AE-D2CE-0423-EA4AA103972E}.Debug|Any CPU.Build.0 = Debug|Any CPU
		{F760D2A2-F1AE-D2CE-0423-EA4AA103972E}.Release|Any CPU.ActiveCfg = Release|Any CPU
		{F760D2A2-F1AE-D2CE-0423-EA4AA103972E}.Release|Any CPU.Build.0 = Release|Any CPU
		{F137125E-9E8C-0DBA-4BEA-0450E0C927AF}.Debug|Any CPU.ActiveCfg = Debug|Any CPU
		{F137125E-9E8C-0DBA-4BEA-0450E0C927AF}.Debug|Any CPU.Build.0 = Debug|Any CPU
		{F137125E-9E8C-0DBA-4BEA-0450E0C927AF}.Release|Any CPU.ActiveCfg = Release|Any CPU
		{F137125E-9E8C-0DBA-4BEA-0450E0C927AF}.Release|Any CPU.Build.0 = Release|Any CPU
		{195A0FA6-5A03-0007-41F9-0AA7BD494B03}.Debug|Any CPU.ActiveCfg = Debug|Any CPU
		{195A0FA6-5A03-0007-41F9-0AA7BD494B03}.Debug|Any CPU.Build.0 = Debug|Any CPU
		{195A0FA6-5A03-0007-41F9-0AA7BD494B03}.Release|Any CPU.ActiveCfg = Release|Any CPU
		{195A0FA6-5A03-0007-41F9-0AA7BD494B03}.Release|Any CPU.Build.0 = Release|Any CPU
	EndGlobalSection
	GlobalSection(SolutionProperties) = preSolution
		HideSolutionNode = FALSE
	EndGlobalSection
EndGlobal
